
Microsoft Visual Studio Solution File, Format Version 12.00
# Visual Studio Version 16
VisualStudioVersion = 16.0.31727.386
MinimumVisualStudioVersion = 10.0.40219.1
Project("{9A19103F-16F7-4668-BE54-9A1E7A4F7556}") = "ProgramowanieUzytkoweIP12", "ProgramowanieUzytkoweIP12\ProgramowanieUzytkoweIP12.csproj", "{A2503839-E833-42A9-8FC9-F04CB795CDA0}"
EndProject
Project("{9A19103F-16F7-4668-BE54-9A1E7A4F7556}") = "Model", "Model\Model.csproj", "{738CE633-74BF-4739-80DF-2FB37D1E242D}"
EndProject
Project("{9A19103F-16F7-4668-BE54-9A1E7A4F7556}") = "RepositoryPattern", "RepositoryPattern\RepositoryPattern.csproj", "{59AB3549-CB67-4134-A8EE-6E5B4E2DB8C2}"
EndProject
Project("{9A19103F-16F7-4668-BE54-9A1E7A4F7556}") = "CQRS", "CQRS\CQRS.csproj", "{02BDB9BD-856C-45D0-9169-C2D016250BDD}"
EndProject
Project("{FAE04EC0-301F-11D3-BF4B-00C04F79EFBC}") = "MediatRCQRS", "MediatRCQRS\MediatRCQRS.csproj", "{7A2AE4D9-3277-42DA-BDB3-41779B3287C4}"
EndProject
Global
	GlobalSection(SolutionConfigurationPlatforms) = preSolution
		Debug|Any CPU = Debug|Any CPU
		Release|Any CPU = Release|Any CPU
	EndGlobalSection
	GlobalSection(ProjectConfigurationPlatforms) = postSolution
		{A2503839-E833-42A9-8FC9-F04CB795CDA0}.Debug|Any CPU.ActiveCfg = Debug|Any CPU
		{A2503839-E833-42A9-8FC9-F04CB795CDA0}.Debug|Any CPU.Build.0 = Debug|Any CPU
		{A2503839-E833-42A9-8FC9-F04CB795CDA0}.Release|Any CPU.ActiveCfg = Release|Any CPU
		{A2503839-E833-42A9-8FC9-F04CB795CDA0}.Release|Any CPU.Build.0 = Release|Any CPU
		{738CE633-74BF-4739-80DF-2FB37D1E242D}.Debug|Any CPU.ActiveCfg = Debug|Any CPU
		{738CE633-74BF-4739-80DF-2FB37D1E242D}.Debug|Any CPU.Build.0 = Debug|Any CPU
		{738CE633-74BF-4739-80DF-2FB37D1E242D}.Release|Any CPU.ActiveCfg = Release|Any CPU
		{738CE633-74BF-4739-80DF-2FB37D1E242D}.Release|Any CPU.Build.0 = Release|Any CPU
		{59AB3549-CB67-4134-A8EE-6E5B4E2DB8C2}.Debug|Any CPU.ActiveCfg = Debug|Any CPU
		{59AB3549-CB67-4134-A8EE-6E5B4E2DB8C2}.Debug|Any CPU.Build.0 = Debug|Any CPU
		{59AB3549-CB67-4134-A8EE-6E5B4E2DB8C2}.Release|Any CPU.ActiveCfg = Release|Any CPU
		{59AB3549-CB67-4134-A8EE-6E5B4E2DB8C2}.Release|Any CPU.Build.0 = Release|Any CPU
		{02BDB9BD-856C-45D0-9169-C2D016250BDD}.Debug|Any CPU.ActiveCfg = Debug|Any CPU
		{02BDB9BD-856C-45D0-9169-C2D016250BDD}.Debug|Any CPU.Build.0 = Debug|Any CPU
		{02BDB9BD-856C-45D0-9169-C2D016250BDD}.Release|Any CPU.ActiveCfg = Release|Any CPU
		{02BDB9BD-856C-45D0-9169-C2D016250BDD}.Release|Any CPU.Build.0 = Release|Any CPU
		{7A2AE4D9-3277-42DA-BDB3-41779B3287C4}.Debug|Any CPU.ActiveCfg = Debug|Any CPU
		{7A2AE4D9-3277-42DA-BDB3-41779B3287C4}.Debug|Any CPU.Build.0 = Debug|Any CPU
		{7A2AE4D9-3277-42DA-BDB3-41779B3287C4}.Release|Any CPU.ActiveCfg = Release|Any CPU
		{7A2AE4D9-3277-42DA-BDB3-41779B3287C4}.Release|Any CPU.Build.0 = Release|Any CPU
	EndGlobalSection
	GlobalSection(SolutionProperties) = preSolution
		HideSolutionNode = FALSE
	EndGlobalSection
	GlobalSection(ExtensibilityGlobals) = postSolution
		SolutionGuid = {7A587645-F7B8-481B-85D2-60D15212846B}
	EndGlobalSection
EndGlobal
